
Microsoft Visual Studio Solution File, Format Version 12.00
# Visual Studio Version 17
VisualStudioVersion = 17.4.33213.308
MinimumVisualStudioVersion = 10.0.40219.1
Project("{FAE04EC0-301F-11D3-BF4B-00C04F79EFBC}") = "DirectoryAndDirectoryInfo", "DirectoryAndDirectoryInfo\DirectoryAndDirectoryInfo.csproj", "{4808C2FB-A0AD-4319-BADF-08AE6AEB0706}"
EndProject
Global
	GlobalSection(SolutionConfigurationPlatforms) = preSolution
		Debug|Any CPU = Debug|Any CPU
		Release|Any CPU = Release|Any CPU
	EndGlobalSection
	GlobalSection(ProjectConfigurationPlatforms) = postSolution
		{4808C2FB-A0AD-4319-BADF-08AE6AEB0706}.Debug|Any CPU.ActiveCfg = Debug|Any CPU
		{4808C2FB-A0AD-4319-BADF-08AE6AEB0706}.Debug|Any CPU.Build.0 = Debug|Any CPU
		{4808C2FB-A0AD-4319-BADF-08AE6AEB0706}.Release|Any CPU.ActiveCfg = Release|Any CPU
		{4808C2FB-A0AD-4319-BADF-08AE6AEB0706}.Release|Any CPU.Build.0 = Release|Any CPU
	EndGlobalSection
	GlobalSection(SolutionProperties) = preSolution
		HideSolutionNode = FALSE
	EndGlobalSection
	GlobalSection(ExtensibilityGlobals) = postSolution
		SolutionGuid = {FF839C81-1293-4373-A533-3FF74B3F6599}
	EndGlobalSection
EndGlobal
